
Microsoft Visual Studio Solution File, Format Version 12.00
# Visual Studio Version 16
VisualStudioVersion = 16.0.30711.63
MinimumVisualStudioVersion = 10.0.40219.1
Project("{FAE04EC0-301F-11D3-BF4B-00C04F79EFBC}") = "GameStoreDatabase", "GameStoreDatabase\GameStoreDatabase.csproj", "{F9BFEC37-A967-4536-99C7-9379B9407727}"
EndProject
Global
	GlobalSection(SolutionConfigurationPlatforms) = preSolution
		Debug|Any CPU = Debug|Any CPU
		Release|Any CPU = Release|Any CPU
	EndGlobalSection
	GlobalSection(ProjectConfigurationPlatforms) = postSolution
		{F9BFEC37-A967-4536-99C7-9379B9407727}.Debug|Any CPU.ActiveCfg = Debug|Any CPU
		{F9BFEC37-A967-4536-99C7-9379B9407727}.Debug|Any CPU.Build.0 = Debug|Any CPU
		{F9BFEC37-A967-4536-99C7-9379B9407727}.Release|Any CPU.ActiveCfg = Release|Any CPU
		{F9BFEC37-A967-4536-99C7-9379B9407727}.Release|Any CPU.Build.0 = Release|Any CPU
	EndGlobalSection
	GlobalSection(SolutionProperties) = preSolution
		HideSolutionNode = FALSE
	EndGlobalSection
	GlobalSection(ExtensibilityGlobals) = postSolution
		SolutionGuid = {88493467-6A5B-4245-9148-E4F1157AFDB0}
	EndGlobalSection
EndGlobal
